(setq el-get-lock-package-versions
      '((monokai-theme :checksum "019e07947426f0192fc3458f3f72c19031b607de")
        (sublime-themes :checksum "60ee40af82eb55b79d5ed4026f1911326311603f")
        (chameleon-theming :checksum "60958b9f2b76f545a5973583c68f2e0b26e68164")
        (yaml-mode :checksum "28c34033194130d452d5c958b5241c88d42ca02b")
        (volatile-highlights :checksum "9a20091f0ce7fc0a6b3e641a6a46d5f3ac4d8392")
        (popup :checksum "80829dd46381754639fb764da11c67235fe63282")
        (helm-ag :checksum "2fc02c4ead29bf0db06fd70740cc7c364cb650ac")
        (mozc :checksum "6a5c425725d08509ccb0555cfc5c289c050c35dd")
        (ssh-config-mode-el :checksum "c6dc66b6678605f0df8eb61778b10ae21eb7caf5")
        (open-junk-file :checksum "f87b93ec26e92dc747da43499d0cbf5ab70fd8c2")
        (web-mode :checksum "4754211f44e9fe1389e4378553ad538460282225")
        (company-jedi :checksum "2f54e791e10f5dc0ff164bfe97f1878359fab6f6")
        (jedi-core :checksum "b0764f425766786dfb1bff910ed1d1670f11eb9c")
        (epc :checksum "e1bfa5ca163273859336e3cc89b4b6460f7f8cda")
        (ctable :checksum "b8830d1ca95abb100a81bc32011bd17d5ecba000")
        (python-environment :checksum "401006584e32864a10c69d29f14414828909362e")
        (deferred :checksum "2239671d94b38d92e9b28d4e12fd79814cfb9c16")
        (flyspell :checksum "0400d6f23984d718c1cd555ccbc5852ee9d92a37")
        (emacs-which-key :checksum "6d2e17c949ff7bfebfe0b0878a93d94b31585031")
        (multiple-cursors :checksum "10752700084595bb24712c27ba70a2326302e45b")
        (anzu :checksum "e6c56ca8b23ac433f7be58b6f3f50801dd4164e4")
        (emacs-import-popwin :checksum "bb05a9e226f8c63fe7b18a3e92010357049ab5ba")
        (popwin :checksum "95dea14c60019d6cccf9a3b33e0dec4e1f22c304")
        (mozc-popup :checksum "f0684b875a7427ec08f8df13939a486e5d5cf420")
        (mozc-el-extensions :checksum "060797a6e570cf21c274edfcb14a26e710a5449e")
        (google-translate :checksum "d8b84a8359fcc697114d1298840e9a45b111c974")
        (undo-tree :checksum "e9a9102f515acd7523158f20e83f300600374989")
        (ace-isearch :checksum "0502f95e333c8059a678745e5a112542965661d1")
        (avy :checksum "36f768d9e320d300b81799e0fcc097cb89aad780")
        (ace-jump-mode :checksum "8351e2df4fbbeb2a4003f2fb39f46d33803f3dac")
        (helm-swoop :checksum "66a951700e0ef0621cc705791bdd6699488ab121")
        (markdown-mode :checksum "736cb7e7af3f34bbea83c5396ed79ce07e7b820a")
        (tabbar :checksum "b6c285a7d59dcdb1f17716f0b60787922fa4be82")
        (names :checksum "1d45ec50568eb2f5b55973f7ed0b48c68f9f13aa")
        (elpy :checksum "434f6799e103fcce7d896b3281eb59e15a760783")
        (electric-operator :checksum "9aa71d7b6b780242e4659fedfdb186d4ee422366")
        (company-mode :checksum "66e43a3a3388c3af3dd851ba0a1f48dcb6efb1ae")
        (find-file-in-project :checksum "a3ecd28182ba3102fefdc080e807866464153edc")
        (highlight-indentation :checksum "5c7717a2224372f7113d13640515df3650388a37")
        (pyvenv :checksum "9f528449dfc35516647118689a2104603f23b49c")
        (yasnippet :checksum "35a4df769cbdebd10d043f16d680bdb16ee858ed")
        (s :checksum "12f116d58ac03706496bd682c6449b452681874e")
        (py-autopep8 :checksum "68e12d8788c91c7ec53a68acf1d23adb2ffa4788")
        (pyenv :checksum "d500e1fd3b222ab0a061b80c5301e6a0cd804b42")
        (maxframe :checksum "13bda6dd9f1d96aa4b9dd9957a26cefd399a7772")
        (company-statistics :checksum "e62157d43b2c874d2edbd547c3bdfb05d0a7ae5c")
        (gocode :checksum "e990796e68a2ebfc099afed20b99e26d6b64061a")
        (go-mode :checksum "7eb5b3dd0ac31d176e9d56da4172f66aef8fae47")
        (recentf-ext :checksum "95f81dfac24d3f67002024f0a24e6b997bf6d647")
        (init-loader :checksum "5d3cea1004c11ff96b33020e337b03b925c67c42")
        (mwim\.el :checksum "e53da113b88a7e0693fd8f91862ce5948ad80a5b")
        (smart-newline :checksum "0553a9e4be7188352de1a28f2eddfd28e7436f94")
        (restart-emacs :checksum "98aa4efd2caeaf0f42ca385c24fa14a843b271b7")
        (flycheck :checksum "0d982b2860927a03e4cdf663750bd3b4c128918a")
        (pkg-info :checksum "76ba7415480687d05a4353b27fea2ae02b8d9d61")
        (epl :checksum "83797835f729f39b80acba4c7e83d73a2e410e26")
        (highlight-symbol :checksum "7a789c779648c55b16e43278e51be5898c121b3a")
        (helm :checksum "ffd2abf5c4bdfc998c09730387b11d2bf9ac1032")
        (migemo :checksum "e4744efae1b2fdea2bbd2ceaff0f6ea0bb739f5a")
        (magit :checksum "17efbc0b73473298148b8907f03dbbaefdad3c65")
        (with-editor :checksum "ee39f232f2daf997498a4030d104c35ae397f457")
        (emacs-async :checksum "424ecd8a28cd59fe7d2de3cb4b37a4224e34c123")
        (exec-path-from-shell :checksum "5e355fbc50913d1ffe48bf86df0bcecd8b369ffb")
        (yascroll :checksum "fe4494e5f4faf2832e665c7de0fed99cdbb39478")
        (solarized-emacs :checksum "a2595627a793c57fa904ac210a6ca07fe1fef656")
        (dash :checksum "91d8cb01e62bab0d6267d3d4dbcabd6da6fdea78")
        (use-package :checksum "cb89901b52a9413b6c233d7fbb616a2d8f38b50a")))
(setq el-get-lock-locked-packages 'nil)
(setq el-get-lock-unlocked-packages 'nil)
